
Microsoft Visual Studio Solution File, Format Version 12.00
# Visual Studio Version 17
VisualStudioVersion = 17.11.35222.181
MinimumVisualStudioVersion = 10.0.40219.1
Project("{FAE04EC0-301F-11D3-BF4B-00C04F79EFBC}") = "Matrixok", "Matrixok\Matrixok.csproj", "{D5DD4399-0713-45AC-B699-184AA2483253}"
EndProject
Global
	GlobalSection(SolutionConfigurationPlatforms) = preSolution
		Debug|Any CPU = Debug|Any CPU
		Release|Any CPU = Release|Any CPU
	EndGlobalSection
	GlobalSection(ProjectConfigurationPlatforms) = postSolution
		{D5DD4399-0713-45AC-B699-184AA2483253}.Debug|Any CPU.ActiveCfg = Debug|Any CPU
		{D5DD4399-0713-45AC-B699-184AA2483253}.Debug|Any CPU.Build.0 = Debug|Any CPU
		{D5DD4399-0713-45AC-B699-184AA2483253}.Release|Any CPU.ActiveCfg = Release|Any CPU
		{D5DD4399-0713-45AC-B699-184AA2483253}.Release|Any CPU.Build.0 = Release|Any CPU
	EndGlobalSection
	GlobalSection(SolutionProperties) = preSolution
		HideSolutionNode = FALSE
	EndGlobalSection
	GlobalSection(ExtensibilityGlobals) = postSolution
		SolutionGuid = {6FB4DF5F-A396-4B72-9B0A-189F88CF5CA1}
	EndGlobalSection
EndGlobal
